
Microsoft Visual Studio Solution File, Format Version 12.00
# Visual Studio Version 17
VisualStudioVersion = 17.14.37111.16 d17.14
MinimumVisualStudioVersion = 10.0.40219.1
Project("{FAE04EC0-301F-11D3-BF4B-00C04F79EFBC}") = "hospitalonlinebooking", "hospitalonlinebooking.csproj", "{44578586-FFA3-478E-A6C2-32C1CCEB45F1}"
EndProject
Global
	GlobalSection(SolutionConfigurationPlatforms) = preSolution
		Debug|Any CPU = Debug|Any CPU
		Release|Any CPU = Release|Any CPU
	EndGlobalSection
	GlobalSection(ProjectConfigurationPlatforms) = postSolution
		{44578586-FFA3-478E-A6C2-32C1CCEB45F1}.Debug|Any CPU.ActiveCfg = Debug|Any CPU
		{44578586-FFA3-478E-A6C2-32C1CCEB45F1}.Debug|Any CPU.Build.0 = Debug|Any CPU
		{44578586-FFA3-478E-A6C2-32C1CCEB45F1}.Release|Any CPU.ActiveCfg = Release|Any CPU
		{44578586-FFA3-478E-A6C2-32C1CCEB45F1}.Release|Any CPU.Build.0 = Release|Any CPU
	EndGlobalSection
	GlobalSection(SolutionProperties) = preSolution
		HideSolutionNode = FALSE
	EndGlobalSection
	GlobalSection(ExtensibilityGlobals) = postSolution
		SolutionGuid = {323BDC89-6F8F-4BE1-AAAC-875F6715C16F}
	EndGlobalSection
EndGlobal
